// !$*UTF8*$!
{
	archiveVersion = 1;
	classes = {
	};
	objectVersion = 46;
	objects = {

/* Begin PBXBuildFile section */
		3B033B1A1E6B18B20049374A /* SettingsSQL.swift in Sources */ = {isa = PBXBuildFile; fileRef = 3B033B191E6B18B20049374A /* SettingsSQL.swift */; };
		3B0435A51E4660D00063B4D5 /* Location.swift in Sources */ = {isa = PBXBuildFile; fileRef = 3B0435A41E4660D00063B4D5 /* Location.swift */; };
		3B0435A71E4C669F0063B4D5 /* Settings.swift in Sources */ = {isa = PBXBuildFile; fileRef = 3B0435A61E4C669F0063B4D5 /* Settings.swift */; };
		3B0435AA1E4C69D60063B4D5 /* libsqlite3.0.tbd in Frameworks */ = {isa = PBXBuildFile; fileRef = 3B0435A91E4C69D60063B4D5 /* libsqlite3.0.tbd */; };
		3B0435AD1E4C79EB0063B4D5 /* Model.swift in Sources */ = {isa = PBXBuildFile; fileRef = 3B0435AC1E4C79EB0063B4D5 /* Model.swift */; };
		3B0435B01E4CB3C00063B4D5 /* LaunchScreen.storyboard in Resources */ = {isa = PBXBuildFile; fileRef = 3B0435AE1E4CB3C00063B4D5 /* LaunchScreen.storyboard */; };
		3B0435B21E4CBFE40063B4D5 /* GoogleService-Info.plist in Resources */ = {isa = PBXBuildFile; fileRef = 3B0435B11E4CBFE40063B4D5 /* GoogleService-Info.plist */; };
		3BA52F781E2BC22900776ABA /* settingsViewController.swift in Sources */ = {isa = PBXBuildFile; fileRef = 3BA52F771E2BC22900776ABA /* settingsViewController.swift */; };
		3BA52F7A1E2BD08F00776ABA /* postTableViewCell.swift in Sources */ = {isa = PBXBuildFile; fileRef = 3BA52F791E2BD08F00776ABA /* postTableViewCell.swift */; };
		3BA52F7C1E2BD1CF00776ABA /* postTableViewController.swift in Sources */ = {isa = PBXBuildFile; fileRef = 3BA52F7B1E2BD1CF00776ABA /* postTableViewController.swift */; };
		3BA52F7E1E2BDBA800776ABA /* postDetailsViewController.swift in Sources */ = {isa = PBXBuildFile; fileRef = 3BA52F7D1E2BDBA800776ABA /* postDetailsViewController.swift */; };
		3BA52F801E2BE25300776ABA /* galleryViewController.swift in Sources */ = {isa = PBXBuildFile; fileRef = 3BA52F7F1E2BE25300776ABA /* galleryViewController.swift */; };
		3BA52F841E2FDCC500776ABA /* registerViewController.swift in Sources */ = {isa = PBXBuildFile; fileRef = 3BA52F831E2FDCC500776ABA /* registerViewController.swift */; };
		3BA52F861E37511C00776ABA /* Weather.swift in Sources */ = {isa = PBXBuildFile; fileRef = 3BA52F851E37511C00776ABA /* Weather.swift */; };
		3BBECE541E214E6A004355F8 /* AppDelegate.swift in Sources */ = {isa = PBXBuildFile; fileRef = 3BBECE531E214E6A004355F8 /* AppDelegate.swift */; };
		3BBECE561E214E6A004355F8 /* loginViewController.swift in Sources */ = {isa = PBXBuildFile; fileRef = 3BBECE551E214E6A004355F8 /* loginViewController.swift */; };
		3BBECE591E214E6A004355F8 /* Main.storyboard in Resources */ = {isa = PBXBuildFile; fileRef = 3BBECE571E214E6A004355F8 /* Main.storyboard */; };
		3BBECE5B1E214E6A004355F8 /* Assets.xcassets in Resources */ = {isa = PBXBuildFile; fileRef = 3BBECE5A1E214E6A004355F8 /* Assets.xcassets */; };
		3BBECE691E214E6B004355F8 /* WITTests.swift in Sources */ = {isa = PBXBuildFile; fileRef = 3BBECE681E214E6B004355F8 /* WITTests.swift */; };
		3BBECE741E214E6B004355F8 /* WITUITests.swift in Sources */ = {isa = PBXBuildFile; fileRef = 3BBECE731E214E6B004355F8 /* WITUITests.swift */; };
		3BBECE821E23B3DE004355F8 /* WITNViewController.swift in Sources */ = {isa = PBXBuildFile; fileRef = 3BBECE811E23B3DE004355F8 /* WITNViewController.swift */; };
		3BBECE861E23DFD9004355F8 /* homeViewController.swift in Sources */ = {isa = PBXBuildFile; fileRef = 3BBECE851E23DFD9004355F8 /* homeViewController.swift */; };
		3BBECE881E23E038004355F8 /* cameraViewController.swift in Sources */ = {isa = PBXBuildFile; fileRef = 3BBECE871E23E038004355F8 /* cameraViewController.swift */; };
		3BBECE8A1E23E5E2004355F8 /* addPostViewController.swift in Sources */ = {isa = PBXBuildFile; fileRef = 3BBECE891E23E5E2004355F8 /* addPostViewController.swift */; };
		3BFCBE231E6189F800D49BA7 /* UserAuth.swift in Sources */ = {isa = PBXBuildFile; fileRef = 3BFCBE221E6189F800D49BA7 /* UserAuth.swift */; };
		69417916504F29C7000B7CE5 /* Pods_WITTests.framework in Frameworks */ = {isa = PBXBuildFile; fileRef = 37FBEE1776D28EF4555C1764 /* Pods_WITTests.framework */; };
		92B425EEC76A6155512042AE /* Pods_WIT.framework in Frameworks */ = {isa = PBXBuildFile; fileRef = 7D42E36EEF3DA4F8C1E4AE67 /* Pods_WIT.framework */; };
		C9D45AA25CFE203935514A60 /* Pods_WITUITests.framework in Frameworks */ = {isa = PBXBuildFile; fileRef = 6DC7619C066D2E176193F728 /* Pods_WITUITests.framework */; };
/* End PBXBuildFile section */

/* Begin PBXContainerItemProxy section */
		3BBECE651E214E6B004355F8 /* PBXContainerItemProxy */ = {
			isa = PBXContainerItemProxy;
			containerPortal = 3BBECE481E214E6A004355F8 /* Project object */;
			proxyType = 1;
			remoteGlobalIDString = 3BBECE4F1E214E6A004355F8;
			remoteInfo = WIT;
		};
		3BBECE701E214E6B004355F8 /* PBXContainerItemProxy */ = {
			isa = PBXContainerItemProxy;
			containerPortal = 3BBECE481E214E6A004355F8 /* Project object */;
			proxyType = 1;
			remoteGlobalIDString = 3BBECE4F1E214E6A004355F8;
			remoteInfo = WIT;
		};
/* End PBXContainerItemProxy section */

/* Begin PBXFileReference section */
		1E221F0C8F49F6428BDF6FD8 /* Pods-WIT.debug.xcconfig */ = {isa = PBXFileReference; includeInIndex = 1; lastKnownFileType = text.xcconfig; name = "Pods-WIT.debug.xcconfig"; path = "Pods/Target Support Files/Pods-WIT/Pods-WIT.debug.xcconfig"; sourceTree = "<group>"; };
		37FBEE1776D28EF4555C1764 /* Pods_WITTests.framework */ = {isa = PBXFileReference; explicitFileType = wrapper.framework; includeInIndex = 0; path = Pods_WITTests.framework; sourceTree = BUILT_PRODUCTS_DIR; };
		3B033B191E6B18B20049374A /* SettingsSQL.swift */ = {isa = PBXFileReference; fileEncoding = 4; lastKnownFileType = sourcecode.swift; path = SettingsSQL.swift; sourceTree = "<group>"; };
		3B0435A41E4660D00063B4D5 /* Location.swift */ = {isa = PBXFileReference; fileEncoding = 4; lastKnownFileType = sourcecode.swift; path = Location.swift; sourceTree = "<group>"; };
		3B0435A61E4C669F0063B4D5 /* Settings.swift */ = {isa = PBXFileReference; fileEncoding = 4; lastKnownFileType = sourcecode.swift; path = Settings.swift; sourceTree = "<group>"; };
		3B0435A91E4C69D60063B4D5 /* libsqlite3.0.tbd */ = {isa = PBXFileReference; lastKnownFileType = "sourcecode.text-based-dylib-definition"; name = libsqlite3.0.tbd; path = usr/lib/libsqlite3.0.tbd; sourceTree = SDKROOT; };
		3B0435AB1E4C6C860063B4D5 /* WIT-Bridiging-Header.h */ = {isa = PBXFileReference; fileEncoding = 4; lastKnownFileType = sourcecode.c.h; path = "WIT-Bridiging-Header.h"; sourceTree = "<group>"; };
		3B0435AC1E4C79EB0063B4D5 /* Model.swift */ = {isa = PBXFileReference; fileEncoding = 4; lastKnownFileType = sourcecode.swift; path = Model.swift; sourceTree = "<group>"; };
		3B0435AF1E4CB3C00063B4D5 /* Base */ = {isa = PBXFileReference; lastKnownFileType = file.storyboard; name = Base; path = WIT/Base.lproj/LaunchScreen.storyboard; sourceTree = "<group>"; };
		3B0435B11E4CBFE40063B4D5 /* GoogleService-Info.plist */ = {isa = PBXFileReference; fileEncoding = 4; lastKnownFileType = text.plist.xml; path = "GoogleService-Info.plist"; sourceTree = "<group>"; };
		3BA52F771E2BC22900776ABA /* settingsViewController.swift */ = {isa = PBXFileReference; fileEncoding = 4; lastKnownFileType = sourcecode.swift; path = settingsViewController.swift; sourceTree = "<group>"; };
		3BA52F791E2BD08F00776ABA /* postTableViewCell.swift */ = {isa = PBXFileReference; fileEncoding = 4; lastKnownFileType = sourcecode.swift; path = postTableViewCell.swift; sourceTree = "<group>"; };
		3BA52F7B1E2BD1CF00776ABA /* postTableViewController.swift */ = {isa = PBXFileReference; fileEncoding = 4; lastKnownFileType = sourcecode.swift; path = postTableViewController.swift; sourceTree = "<group>"; };
		3BA52F7D1E2BDBA800776ABA /* postDetailsViewController.swift */ = {isa = PBXFileReference; fileEncoding = 4; lastKnownFileType = sourcecode.swift; path = postDetailsViewController.swift; sourceTree = "<group>"; };
		3BA52F7F1E2BE25300776ABA /* galleryViewController.swift */ = {isa = PBXFileReference; fileEncoding = 4; lastKnownFileType = sourcecode.swift; path = galleryViewController.swift; sourceTree = "<group>"; };
		3BA52F831E2FDCC500776ABA /* registerViewController.swift */ = {isa = PBXFileReference; fileEncoding = 4; lastKnownFileType = sourcecode.swift; path = registerViewController.swift; sourceTree = "<group>"; };
		3BA52F851E37511C00776ABA /* Weather.swift */ = {isa = PBXFileReference; fileEncoding = 4; lastKnownFileType = sourcecode.swift; path = Weather.swift; sourceTree = "<group>"; };
		3BBECE501E214E6A004355F8 /* WIT.app */ = {isa = PBXFileReference; explicitFileType = wrapper.application; includeInIndex = 0; path = WIT.app; sourceTree = BUILT_PRODUCTS_DIR; };
		3BBECE531E214E6A004355F8 /* AppDelegate.swift */ = {isa = PBXFileReference; lastKnownFileType = sourcecode.swift; path = AppDelegate.swift; sourceTree = "<group>"; };
		3BBECE551E214E6A004355F8 /* loginViewController.swift */ = {isa = PBXFileReference; lastKnownFileType = sourcecode.swift; path = loginViewController.swift; sourceTree = "<group>"; };
		3BBECE581E214E6A004355F8 /* Base */ = {isa = PBXFileReference; lastKnownFileType = file.storyboard; name = Base; path = Base.lproj/Main.storyboard; sourceTree = "<group>"; };
		3BBECE5A1E214E6A004355F8 /* Assets.xcassets */ = {isa = PBXFileReference; lastKnownFileType = folder.assetcatalog; path = Assets.xcassets; sourceTree = "<group>"; };
		3BBECE5F1E214E6A004355F8 /* Info.plist */ = {isa = PBXFileReference; lastKnownFileType = text.plist.xml; path = Info.plist; sourceTree = "<group>"; };
		3BBECE641E214E6B004355F8 /* WITTests.xctest */ = {isa = PBXFileReference; explicitFileType = wrapper.cfbundle; includeInIndex = 0; path = WITTests.xctest; sourceTree = BUILT_PRODUCTS_DIR; };
		3BBECE681E214E6B004355F8 /* WITTests.swift */ = {isa = PBXFileReference; lastKnownFileType = sourcecode.swift; path = WITTests.swift; sourceTree = "<group>"; };
		3BBECE6A1E214E6B004355F8 /* Info.plist */ = {isa = PBXFileReference; lastKnownFileType = text.plist.xml; path = Info.plist; sourceTree = "<group>"; };
		3BBECE6F1E214E6B004355F8 /* WITUITests.xctest */ = {isa = PBXFileReference; explicitFileType = wrapper.cfbundle; includeInIndex = 0; path = WITUITests.xctest; sourceTree = BUILT_PRODUCTS_DIR; };
		3BBECE731E214E6B004355F8 /* WITUITests.swift */ = {isa = PBXFileReference; lastKnownFileType = sourcecode.swift; path = WITUITests.swift; sourceTree = "<group>"; };
		3BBECE751E214E6B004355F8 /* Info.plist */ = {isa = PBXFileReference; lastKnownFileType = text.plist.xml; path = Info.plist; sourceTree = "<group>"; };
		3BBECE811E23B3DE004355F8 /* WITNViewController.swift */ = {isa = PBXFileReference; fileEncoding = 4; lastKnownFileType = sourcecode.swift; path = WITNViewController.swift; sourceTree = "<group>"; };
		3BBECE851E23DFD9004355F8 /* homeViewController.swift */ = {isa = PBXFileReference; fileEncoding = 4; lastKnownFileType = sourcecode.swift; path = homeViewController.swift; sourceTree = "<group>"; };
		3BBECE871E23E038004355F8 /* cameraViewController.swift */ = {isa = PBXFileReference; fileEncoding = 4; lastKnownFileType = sourcecode.swift; path = cameraViewController.swift; sourceTree = "<group>"; };
		3BBECE891E23E5E2004355F8 /* addPostViewController.swift */ = {isa = PBXFileReference; fileEncoding = 4; lastKnownFileType = sourcecode.swift; path = addPostViewController.swift; sourceTree = "<group>"; };
		3BFCBE221E6189F800D49BA7 /* UserAuth.swift */ = {isa = PBXFileReference; fileEncoding = 4; lastKnownFileType = sourcecode.swift; path = UserAuth.swift; sourceTree = "<group>"; };
		408AB18EBB1C5938A7059299 /* Pods-WIT.release.xcconfig */ = {isa = PBXFileReference; includeInIndex = 1; lastKnownFileType = text.xcconfig; name = "Pods-WIT.release.xcconfig"; path = "Pods/Target Support Files/Pods-WIT/Pods-WIT.release.xcconfig"; sourceTree = "<group>"; };
		6DC7619C066D2E176193F728 /* Pods_WITUITests.framework */ = {isa = PBXFileReference; explicitFileType = wrapper.framework; includeInIndex = 0; path = Pods_WITUITests.framework; sourceTree = BUILT_PRODUCTS_DIR; };
		7D42E36EEF3DA4F8C1E4AE67 /* Pods_WIT.framework */ = {isa = PBXFileReference; explicitFileType = wrapper.framework; includeInIndex = 0; path = Pods_WIT.framework; sourceTree = BUILT_PRODUCTS_DIR; };
		A0F761310D3A6135FFC6A0E4 /* Pods-WITTests.release.xcconfig */ = {isa = PBXFileReference; includeInIndex = 1; lastKnownFileType = text.xcconfig; name = "Pods-WITTests.release.xcconfig"; path = "Pods/Target Support Files/Pods-WITTests/Pods-WITTests.release.xcconfig"; sourceTree = "<group>"; };
		C5960F4A3B12AB9262C070A6 /* Pods-WITUITests.debug.xcconfig */ = {isa = PBXFileReference; includeInIndex = 1; lastKnownFileType = text.xcconfig; name = "Pods-WITUITests.debug.xcconfig"; path = "Pods/Target Support Files/Pods-WITUITests/Pods-WITUITests.debug.xcconfig"; sourceTree = "<group>"; };
		DA1E6CFBD22686495C59FD06 /* Pods-WITUITests.release.xcconfig */ = {isa = PBXFileReference; includeInIndex = 1; lastKnownFileType = text.xcconfig; name = "Pods-WITUITests.release.xcconfig"; path = "Pods/Target Support Files/Pods-WITUITests/Pods-WITUITests.release.xcconfig"; sourceTree = "<group>"; };
		F4F36D62F880B210462A754F /* Pods-WITTests.debug.xcconfig */ = {isa = PBXFileReference; includeInIndex = 1; lastKnownFileType = text.xcconfig; name = "Pods-WITTests.debug.xcconfig"; path = "Pods/Target Support Files/Pods-WITTests/Pods-WITTests.debug.xcconfig"; sourceTree = "<group>"; };
/* End PBXFileReference section */

/* Begin PBXFrameworksBuildPhase section */
		3BBECE4D1E214E6A004355F8 /* Frameworks */ = {
			isa = PBXFrameworksBuildPhase;
			buildActionMask = 2147483647;
			files = (
				3B0435AA1E4C69D60063B4D5 /* libsqlite3.0.tbd in Frameworks */,
				92B425EEC76A6155512042AE /* Pods_WIT.framework in Frameworks */,
			);
			runOnlyForDeploymentPostprocessing = 0;
		};
		3BBECE611E214E6B004355F8 /* Frameworks */ = {
			isa = PBXFrameworksBuildPhase;
			buildActionMask = 2147483647;
			files = (
				69417916504F29C7000B7CE5 /* Pods_WITTests.framework in Frameworks */,
			);
			runOnlyForDeploymentPostprocessing = 0;
		};
		3BBECE6C1E214E6B004355F8 /* Frameworks */ = {
			isa = PBXFrameworksBuildPhase;
			buildActionMask = 2147483647;
			files = (
				C9D45AA25CFE203935514A60 /* Pods_WITUITests.framework in Frameworks */,
			);
			runOnlyForDeploymentPostprocessing = 0;
		};
/* End PBXFrameworksBuildPhase section */

/* Begin PBXGroup section */
		3B0435A81E4C69D60063B4D5 /* Frameworks */ = {
			isa = PBXGroup;
			children = (
				3B0435A91E4C69D60063B4D5 /* libsqlite3.0.tbd */,
				7D42E36EEF3DA4F8C1E4AE67 /* Pods_WIT.framework */,
				37FBEE1776D28EF4555C1764 /* Pods_WITTests.framework */,
				6DC7619C066D2E176193F728 /* Pods_WITUITests.framework */,
			);
			name = Frameworks;
			sourceTree = "<group>";
		};
		3BA52F811E2FDB7500776ABA /* controllers */ = {
			isa = PBXGroup;
			children = (
				3BBECE551E214E6A004355F8 /* loginViewController.swift */,
				3BA52F7B1E2BD1CF00776ABA /* postTableViewController.swift */,
				3BBECE811E23B3DE004355F8 /* WITNViewController.swift */,
				3BBECE851E23DFD9004355F8 /* homeViewController.swift */,
				3BBECE871E23E038004355F8 /* cameraViewController.swift */,
				3BBECE891E23E5E2004355F8 /* addPostViewController.swift */,
				3BA52F771E2BC22900776ABA /* settingsViewController.swift */,
				3BA52F791E2BD08F00776ABA /* postTableViewCell.swift */,
				3BA52F7D1E2BDBA800776ABA /* postDetailsViewController.swift */,
				3BA52F7F1E2BE25300776ABA /* galleryViewController.swift */,
				3BA52F831E2FDCC500776ABA /* registerViewController.swift */,
			);
			name = controllers;
			sourceTree = "<group>";
		};
		3BA52F821E2FDBC100776ABA /* models */ = {
			isa = PBXGroup;
			children = (
				3BA52F851E37511C00776ABA /* Weather.swift */,
				3B0435A41E4660D00063B4D5 /* Location.swift */,
				3B0435A61E4C669F0063B4D5 /* Settings.swift */,
				3B0435AC1E4C79EB0063B4D5 /* Model.swift */,
				3BFCBE221E6189F800D49BA7 /* UserAuth.swift */,
				3B033B191E6B18B20049374A /* SettingsSQL.swift */,
			);
			name = models;
			sourceTree = "<group>";
		};
		3BBECE471E214E6A004355F8 = {
			isa = PBXGroup;
			children = (
				3BBECE521E214E6A004355F8 /* WIT */,
				3BBECE671E214E6B004355F8 /* WITTests */,
				3BBECE721E214E6B004355F8 /* WITUITests */,
				3BBECE511E214E6A004355F8 /* Products */,
				3B0435A81E4C69D60063B4D5 /* Frameworks */,
				92A09993048134A916D55FA1 /* Pods */,
			);
			sourceTree = "<group>";
		};
		3BBECE511E214E6A004355F8 /* Products */ = {
			isa = PBXGroup;
			children = (
				3BBECE501E214E6A004355F8 /* WIT.app */,
				3BBECE641E214E6B004355F8 /* WITTests.xctest */,
				3BBECE6F1E214E6B004355F8 /* WITUITests.xctest */,
			);
			name = Products;
			sourceTree = "<group>";
		};
		3BBECE521E214E6A004355F8 /* WIT */ = {
			isa = PBXGroup;
			children = (
				3BA52F821E2FDBC100776ABA /* models */,
				3BA52F811E2FDB7500776ABA /* controllers */,
				3BBECE531E214E6A004355F8 /* AppDelegate.swift */,
				3B0435AE1E4CB3C00063B4D5 /* LaunchScreen.storyboard */,
				3BBECE571E214E6A004355F8 /* Main.storyboard */,
				3BBECE5A1E214E6A004355F8 /* Assets.xcassets */,
				3BBECE5F1E214E6A004355F8 /* Info.plist */,
				3B0435B11E4CBFE40063B4D5 /* GoogleService-Info.plist */,
				3B0435AB1E4C6C860063B4D5 /* WIT-Bridiging-Header.h */,
			);
			path = WIT;
			sourceTree = "<group>";
		};
		3BBECE671E214E6B004355F8 /* WITTests */ = {
			isa = PBXGroup;
			children = (
				3BBECE681E214E6B004355F8 /* WITTests.swift */,
				3BBECE6A1E214E6B004355F8 /* Info.plist */,
			);
			path = WITTests;
			sourceTree = "<group>";
		};
		3BBECE721E214E6B004355F8 /* WITUITests */ = {
			isa = PBXGroup;
			children = (
				3BBECE731E214E6B004355F8 /* WITUITests.swift */,
				3BBECE751E214E6B004355F8 /* Info.plist */,
			);
			path = WITUITests;
			sourceTree = "<group>";
		};
		92A09993048134A916D55FA1 /* Pods */ = {
			isa = PBXGroup;
			children = (
				1E221F0C8F49F6428BDF6FD8 /* Pods-WIT.debug.xcconfig */,
				408AB18EBB1C5938A7059299 /* Pods-WIT.release.xcconfig */,
				F4F36D62F880B210462A754F /* Pods-WITTests.debug.xcconfig */,
				A0F761310D3A6135FFC6A0E4 /* Pods-WITTests.release.xcconfig */,
				C5960F4A3B12AB9262C070A6 /* Pods-WITUITests.debug.xcconfig */,
				DA1E6CFBD22686495C59FD06 /* Pods-WITUITests.release.xcconfig */,
			);
			name = Pods;
			sourceTree = "<group>";
		};
/* End PBXGroup section */

/* Begin PBXNativeTarget section */
		3BBECE4F1E214E6A004355F8 /* WIT */ = {
			isa = PBXNativeTarget;
			buildConfigurationList = 3BBECE781E214E6B004355F8 /* Build configuration list for PBXNativeTarget "WIT" */;
			buildPhases = (
				89BA2FF883A2DB9FD083585D /* [CP] Check Pods Manifest.lock */,
				3BBECE4C1E214E6A004355F8 /* Sources */,
				3BBECE4D1E214E6A004355F8 /* Frameworks */,
				3BBECE4E1E214E6A004355F8 /* Resources */,
				CAD68B8B3A3A96811A6C9F6D /* [CP] Embed Pods Frameworks */,
				F67D1784A6A612358316CA29 /* [CP] Copy Pods Resources */,
			);
			buildRules = (
			);
			dependencies = (
			);
			name = WIT;
			productName = WIT;
			productReference = 3BBECE501E214E6A004355F8 /* WIT.app */;
			productType = "com.apple.product-type.application";
		};
		3BBECE631E214E6B004355F8 /* WITTests */ = {
			isa = PBXNativeTarget;
			buildConfigurationList = 3BBECE7B1E214E6B004355F8 /* Build configuration list for PBXNativeTarget "WITTests" */;
			buildPhases = (
				F3F03BC3F8FACA5A50F7152E /* [CP] Check Pods Manifest.lock */,
				3BBECE601E214E6B004355F8 /* Sources */,
				3BBECE611E214E6B004355F8 /* Frameworks */,
				3BBECE621E214E6B004355F8 /* Resources */,
				3B6751BC8FB78B442302E844 /* [CP] Embed Pods Frameworks */,
				B77DC5FB10FE8EDC7FEC7167 /* [CP] Copy Pods Resources */,
			);
			buildRules = (
			);
			dependencies = (
				3BBECE661E214E6B004355F8 /* PBXTargetDependency */,
			);
			name = WITTests;
			productName = WITTests;
			productReference = 3BBECE641E214E6B004355F8 /* WITTests.xctest */;
			productType = "com.apple.product-type.bundle.unit-test";
		};
		3BBECE6E1E214E6B004355F8 /* WITUITests */ = {
			isa = PBXNativeTarget;
			buildConfigurationList = 3BBECE7E1E214E6B004355F8 /* Build configuration list for PBXNativeTarget "WITUITests" */;
			buildPhases = (
				DB33C9343A9A6EDF0D606400 /* [CP] Check Pods Manifest.lock */,
				3BBECE6B1E214E6B004355F8 /* Sources */,
				3BBECE6C1E214E6B004355F8 /* Frameworks */,
				3BBECE6D1E214E6B004355F8 /* Resources */,
				E654071EAF5E348C785DE43F /* [CP] Embed Pods Frameworks */,
				4273ECCD657F630C9CD54464 /* [CP] Copy Pods Resources */,
			);
			buildRules = (
			);
			dependencies = (
				3BBECE711E214E6B004355F8 /* PBXTargetDependency */,
			);
			name = WITUITests;
			productName = WITUITests;
			productReference = 3BBECE6F1E214E6B004355F8 /* WITUITests.xctest */;
			productType = "com.apple.product-type.bundle.ui-testing";
		};
/* End PBXNativeTarget section */

/* Begin PBXProject section */
		3BBECE481E214E6A004355F8 /* Project object */ = {
			isa = PBXProject;
			attributes = {
				LastSwiftUpdateCheck = 0820;
				LastUpgradeCheck = 0820;
				ORGANIZATIONNAME = "Shay Kremer, Ron Naor";
				TargetAttributes = {
					3BBECE4F1E214E6A004355F8 = {
						CreatedOnToolsVersion = 8.2.1;
						DevelopmentTeam = 9XBSPE6LZ2;
						ProvisioningStyle = Automatic;
						SystemCapabilities = {
							com.apple.BackgroundModes = {
								enabled = 0;
							};
						};
					};
					3BBECE631E214E6B004355F8 = {
						CreatedOnToolsVersion = 8.2.1;
						ProvisioningStyle = Automatic;
						TestTargetID = 3BBECE4F1E214E6A004355F8;
					};
					3BBECE6E1E214E6B004355F8 = {
						CreatedOnToolsVersion = 8.2.1;
						ProvisioningStyle = Automatic;
						TestTargetID = 3BBECE4F1E214E6A004355F8;
					};
				};
			};
			buildConfigurationList = 3BBECE4B1E214E6A004355F8 /* Build configuration list for PBXProject "WIT" */;
			compatibilityVersion = "Xcode 3.2";
			developmentRegion = English;
			hasScannedForEncodings = 0;
			knownRegions = (
				en,
				Base,
			);
			mainGroup = 3BBECE471E214E6A004355F8;
			productRefGroup = 3BBECE511E214E6A004355F8 /* Products */;
			projectDirPath = "";
			projectRoot = "";
			targets = (
				3BBECE4F1E214E6A004355F8 /* WIT */,
				3BBECE631E214E6B004355F8 /* WITTests */,
				3BBECE6E1E214E6B004355F8 /* WITUITests */,
			);
		};
/* End PBXProject section */

/* Begin PBXResourcesBuildPhase section */
		3BBECE4E1E214E6A004355F8 /* Resources */ = {
			isa = PBXResourcesBuildPhase;
			buildActionMask = 2147483647;
			files = (
				3B0435B01E4CB3C00063B4D5 /* LaunchScreen.storyboard in Resources */,
				3B0435B21E4CBFE40063B4D5 /* GoogleService-Info.plist in Resources */,
				3BBECE5B1E214E6A004355F8 /* Assets.xcassets in Resources */,
				3BBECE591E214E6A004355F8 /* Main.storyboard in Resources */,
			);
			runOnlyForDeploymentPostprocessing = 0;
		};
		3BBECE621E214E6B004355F8 /* Resources */ = {
			isa = PBXResourcesBuildPhase;
			buildActionMask = 2147483647;
			files = (
			);
			runOnlyForDeploymentPostprocessing = 0;
		};
		3BBECE6D1E214E6B004355F8 /* Resources */ = {
			isa = PBXResourcesBuildPhase;
			buildActionMask = 2147483647;
			files = (
			);
			runOnlyForDeploymentPostprocessing = 0;
		};
/* End PBXResourcesBuildPhase section */

/* Begin PBXShellScriptBuildPhase section */
		3B6751BC8FB78B442302E844 /* [CP] Embed Pods Frameworks */ = {
			isa = PBXShellScriptBuildPhase;
			buildActionMask = 2147483647;
			files = (
			);
			inputPaths = (
			);
			name = "[CP] Embed Pods Frameworks";
			outputPaths = (
			);
			runOnlyForDeploymentPostprocessing = 0;
			shellPath = /bin/sh;
			shellScript = "\"${SRCROOT}/Pods/Target Support Files/Pods-WITTests/Pods-WITTests-frameworks.sh\"\n";
			showEnvVarsInLog = 0;
		};
		4273ECCD657F630C9CD54464 /* [CP] Copy Pods Resources */ = {
			isa = PBXShellScriptBuildPhase;
			buildActionMask = 2147483647;
			files = (
			);
			inputPaths = (
			);
			name = "[CP] Copy Pods Resources";
			outputPaths = (
			);
			runOnlyForDeploymentPostprocessing = 0;
			shellPath = /bin/sh;
			shellScript = "\"${SRCROOT}/Pods/Target Support Files/Pods-WITUITests/Pods-WITUITests-resources.sh\"\n";
			showEnvVarsInLog = 0;
		};
		89BA2FF883A2DB9FD083585D /* [CP] Check Pods Manifest.lock */ = {
			isa = PBXShellScriptBuildPhase;
			buildActionMask = 2147483647;
			files = (
			);
			inputPaths = (
			);
			name = "[CP] Check Pods Manifest.lock";
			outputPaths = (
			);
			runOnlyForDeploymentPostprocessing = 0;
			shellPath = /bin/sh;
			shellScript = "diff \"${PODS_ROOT}/../Podfile.lock\" \"${PODS_ROOT}/Manifest.lock\" > /dev/null\nif [ $? != 0 ] ; then\n    # print error to STDERR\n    echo \"error: The sandbox is not in sync with the Podfile.lock. Run 'pod install' or update your CocoaPods installation.\" >&2\n    exit 1\nfi\n";
			showEnvVarsInLog = 0;
		};
		B77DC5FB10FE8EDC7FEC7167 /* [CP] Copy Pods Resources */ = {
			isa = PBXShellScriptBuildPhase;
			buildActionMask = 2147483647;
			files = (
			);
			inputPaths = (
			);
			name = "[CP] Copy Pods Resources";
			outputPaths = (
			);
			runOnlyForDeploymentPostprocessing = 0;
			shellPath = /bin/sh;
			shellScript = "\"${SRCROOT}/Pods/Target Support Files/Pods-WITTests/Pods-WITTests-resources.sh\"\n";
			showEnvVarsInLog = 0;
		};
		CAD68B8B3A3A96811A6C9F6D /* [CP] Embed Pods Frameworks */ = {
			isa = PBXShellScriptBuildPhase;
			buildActionMask = 2147483647;
			files = (
			);
			inputPaths = (
			);
			name = "[CP] Embed Pods Frameworks";
			outputPaths = (
			);
			runOnlyForDeploymentPostprocessing = 0;
			shellPath = /bin/sh;
			shellScript = "\"${SRCROOT}/Pods/Target Support Files/Pods-WIT/Pods-WIT-frameworks.sh\"\n";
			showEnvVarsInLog = 0;
		};
		DB33C9343A9A6EDF0D606400 /* [CP] Check Pods Manifest.lock */ = {
			isa = PBXShellScriptBuildPhase;
			buildActionMask = 2147483647;
			files = (
			);
			inputPaths = (
			);
			name = "[CP] Check Pods Manifest.lock";
			outputPaths = (
			);
			runOnlyForDeploymentPostprocessing = 0;
			shellPath = /bin/sh;
			shellScript = "diff \"${PODS_ROOT}/../Podfile.lock\" \"${PODS_ROOT}/Manifest.lock\" > /dev/null\nif [ $? != 0 ] ; then\n    # print error to STDERR\n    echo \"error: The sandbox is not in sync with the Podfile.lock. Run 'pod install' or update your CocoaPods installation.\" >&2\n    exit 1\nfi\n";
			showEnvVarsInLog = 0;
		};
		E654071EAF5E348C785DE43F /* [CP] Embed Pods Frameworks */ = {
			isa = PBXShellScriptBuildPhase;
			buildActionMask = 2147483647;
			files = (
			);
			inputPaths = (
			);
			name = "[CP] Embed Pods Frameworks";
			outputPaths = (
			);
			runOnlyForDeploymentPostprocessing = 0;
			shellPath = /bin/sh;
			shellScript = "\"${SRCROOT}/Pods/Target Support Files/Pods-WITUITests/Pods-WITUITests-frameworks.sh\"\n";
			showEnvVarsInLog = 0;
		};
		F3F03BC3F8FACA5A50F7152E /* [CP] Check Pods Manifest.lock */ = {
			isa = PBXShellScriptBuildPhase;
			buildActionMask = 2147483647;
			files = (
			);
			inputPaths = (
			);
			name = "[CP] Check Pods Manifest.lock";
			outputPaths = (
			);
			runOnlyForDeploymentPostprocessing = 0;
			shellPath = /bin/sh;
			shellScript = "diff \"${PODS_ROOT}/../Podfile.lock\" \"${PODS_ROOT}/Manifest.lock\" > /dev/null\nif [ $? != 0 ] ; then\n    # print error to STDERR\n    echo \"error: The sandbox is not in sync with the Podfile.lock. Run 'pod install' or update your CocoaPods installation.\" >&2\n    exit 1\nfi\n";
			showEnvVarsInLog = 0;
		};
		F67D1784A6A612358316CA29 /* [CP] Copy Pods Resources */ = {
			isa = PBXShellScriptBuildPhase;
			buildActionMask = 2147483647;
			files = (
			);
			inputPaths = (
			);
			name = "[CP] Copy Pods Resources";
			outputPaths = (
			);
			runOnlyForDeploymentPostprocessing = 0;
			shellPath = /bin/sh;
			shellScript = "\"${SRCROOT}/Pods/Target Support Files/Pods-WIT/Pods-WIT-resources.sh\"\n";
			showEnvVarsInLog = 0;
		};
/* End PBXShellScriptBuildPhase section */

/* Begin PBXSourcesBuildPhase section */
		3BBECE4C1E214E6A004355F8 /* Sources */ = {
			isa = PBXSourcesBuildPhase;
			buildActionMask = 2147483647;
			files = (
				3B0435AD1E4C79EB0063B4D5 /* Model.swift in Sources */,
				3B033B1A1E6B18B20049374A /* SettingsSQL.swift in Sources */,
				3BA52F801E2BE25300776ABA /* galleryViewController.swift in Sources */,
				3BBECE561E214E6A004355F8 /* loginViewController.swift in Sources */,
				3BBECE541E214E6A004355F8 /* AppDelegate.swift in Sources */,
				3BA52F841E2FDCC500776ABA /* registerViewController.swift in Sources */,
				3BBECE881E23E038004355F8 /* cameraViewController.swift in Sources */,
				3BA52F7A1E2BD08F00776ABA /* postTableViewCell.swift in Sources */,
				3BFCBE231E6189F800D49BA7 /* UserAuth.swift in Sources */,
				3B0435A51E4660D00063B4D5 /* Location.swift in Sources */,
				3BBECE821E23B3DE004355F8 /* WITNViewController.swift in Sources */,
				3BBECE8A1E23E5E2004355F8 /* addPostViewController.swift in Sources */,
				3B0435A71E4C669F0063B4D5 /* Settings.swift in Sources */,
				3BA52F861E37511C00776ABA /* Weather.swift in Sources */,
				3BBECE861E23DFD9004355F8 /* homeViewController.swift in Sources */,
				3BA52F7E1E2BDBA800776ABA /* postDetailsViewController.swift in Sources */,
				3BA52F7C1E2BD1CF00776ABA /* postTableViewController.swift in Sources */,
				3BA52F781E2BC22900776ABA /* settingsViewController.swift in Sources */,
			);
			runOnlyForDeploymentPostprocessing = 0;
		};
		3BBECE601E214E6B004355F8 /* Sources */ = {
			isa = PBXSourcesBuildPhase;
			buildActionMask = 2147483647;
			files = (
				3BBECE691E214E6B004355F8 /* WITTests.swift in Sources */,
			);
			runOnlyForDeploymentPostprocessing = 0;
		};
		3BBECE6B1E214E6B004355F8 /* Sources */ = {
			isa = PBXSourcesBuildPhase;
			buildActionMask = 2147483647;
			files = (
				3BBECE741E214E6B004355F8 /* WITUITests.swift in Sources */,
			);
			runOnlyForDeploymentPostprocessing = 0;
		};
/* End PBXSourcesBuildPhase section */

/* Begin PBXTargetDependency section */
		3BBECE661E214E6B004355F8 /* PBXTargetDependency */ = {
			isa = PBXTargetDependency;
			target = 3BBECE4F1E214E6A004355F8 /* WIT */;
			targetProxy = 3BBECE651E214E6B004355F8 /* PBXContainerItemProxy */;
		};
		3BBECE711E214E6B004355F8 /* PBXTargetDependency */ = {
			isa = PBXTargetDependency;
			target = 3BBECE4F1E214E6A004355F8 /* WIT */;
			targetProxy = 3BBECE701E214E6B004355F8 /* PBXContainerItemProxy */;
		};
/* End PBXTargetDependency section */

/* Begin PBXVariantGroup section */
		3B0435AE1E4CB3C00063B4D5 /* LaunchScreen.storyboard */ = {
			isa = PBXVariantGroup;
			children = (
				3B0435AF1E4CB3C00063B4D5 /* Base */,
			);
			name = LaunchScreen.storyboard;
			path = ..;
			sourceTree = "<group>";
		};
		3BBECE571E214E6A004355F8 /* Main.storyboard */ = {
			isa = PBXVariantGroup;
			children = (
				3BBECE581E214E6A004355F8 /* Base */,
			);
			name = Main.storyboard;
			sourceTree = "<group>";
		};
/* End PBXVariantGroup section */

/* Begin XCBuildConfiguration section */
		3BBECE761E214E6B004355F8 /* Debug */ = {
			isa = XCBuildConfiguration;
			buildSettings = {
				ALWAYS_SEARCH_USER_PATHS = NO;
				CLANG_ANALYZER_NONNULL = YES;
				CLANG_CXX_LANGUAGE_STANDARD = "gnu++0x";
				CLANG_CXX_LIBRARY = "libc++";
				CLANG_ENABLE_MODULES = YES;
				CLANG_ENABLE_OBJC_ARC = YES;
				CLANG_WARN_BOOL_CONVERSION = YES;
				CLANG_WARN_CONSTANT_CONVERSION = YES;
				CLANG_WARN_DIRECT_OBJC_ISA_USAGE = YES_ERROR;
				CLANG_WARN_DOCUMENTATION_COMMENTS = YES;
				CLANG_WARN_EMPTY_BODY = YES;
				CLANG_WARN_ENUM_CONVERSION = YES;
				CLANG_WARN_INFINITE_RECURSION = YES;
				CLANG_WARN_INT_CONVERSION = YES;
				CLANG_WARN_OBJC_ROOT_CLASS = YES_ERROR;
				CLANG_WARN_SUSPICIOUS_MOVE = YES;
				CLANG_WARN_UNREACHABLE_CODE = YES;
				CLANG_WARN__DUPLICATE_METHOD_MATCH = YES;
				"CODE_SIGN_IDENTITY[sdk=iphoneos*]" = "iPhone Developer";
				COPY_PHASE_STRIP = NO;
				DEBUG_INFORMATION_FORMAT = dwarf;
				ENABLE_STRICT_OBJC_MSGSEND = YES;
				ENABLE_TESTABILITY = YES;
				GCC_C_LANGUAGE_STANDARD = gnu99;
				GCC_DYNAMIC_NO_PIC = NO;
				GCC_NO_COMMON_BLOCKS = YES;
				GCC_OPTIMIZATION_LEVEL = 0;
				GCC_PREPROCESSOR_DEFINITIONS = (
					"DEBUG=1",
					"$(inherited)",
				);
				GCC_WARN_64_TO_32_BIT_CONVERSION = YES;
				GCC_WARN_ABOUT_RETURN_TYPE = YES_ERROR;
				GCC_WARN_UNDECLARED_SELECTOR = YES;
				GCC_WARN_UNINITIALIZED_AUTOS = YES_AGGRESSIVE;
				GCC_WARN_UNUSED_FUNCTION = YES;
				GCC_WARN_UNUSED_VARIABLE = YES;
				IPHONEOS_DEPLOYMENT_TARGET = 10.2;
				MTL_ENABLE_DEBUG_INFO = YES;
				ONLY_ACTIVE_ARCH = YES;
				SDKROOT = iphoneos;
				SWIFT_ACTIVE_COMPILATION_CONDITIONS = DEBUG;
				SWIFT_OPTIMIZATION_LEVEL = "-Onone";
				TARGETED_DEVICE_FAMILY = "1,2";
			};
			name = Debug;
		};
		3BBECE771E214E6B004355F8 /* Release */ = {
			isa = XCBuildConfiguration;
			buildSettings = {
				ALWAYS_SEARCH_USER_PATHS = NO;
				CLANG_ANALYZER_NONNULL = YES;
				CLANG_CXX_LANGUAGE_STANDARD = "gnu++0x";
				CLANG_CXX_LIBRARY = "libc++";
				CLANG_ENABLE_MODULES = YES;
				CLANG_ENABLE_OBJC_ARC = YES;
				CLANG_WARN_BOOL_CONVERSION = YES;
				CLANG_WARN_CONSTANT_CONVERSION = YES;
				CLANG_WARN_DIRECT_OBJC_ISA_USAGE = YES_ERROR;
				CLANG_WARN_DOCUMENTATION_COMMENTS = YES;
				CLANG_WARN_EMPTY_BODY = YES;
				CLANG_WARN_ENUM_CONVERSION = YES;
				CLANG_WARN_INFINITE_RECURSION = YES;
				CLANG_WARN_INT_CONVERSION = YES;
				CLANG_WARN_OBJC_ROOT_CLASS = YES_ERROR;
				CLANG_WARN_SUSPICIOUS_MOVE = YES;
				CLANG_WARN_UNREACHABLE_CODE = YES;
				CLANG_WARN__DUPLICATE_METHOD_MATCH = YES;
				"CODE_SIGN_IDENTITY[sdk=iphoneos*]" = "iPhone Developer";
				COPY_PHASE_STRIP = NO;
				DEBUG_INFORMATION_FORMAT = "dwarf-with-dsym";
				ENABLE_NS_ASSERTIONS = NO;
				ENABLE_STRICT_OBJC_MSGSEND = YES;
				GCC_C_LANGUAGE_STANDARD = gnu99;
				GCC_NO_COMMON_BLOCKS = YES;
				GCC_WARN_64_TO_32_BIT_CONVERSION = YES;
				GCC_WARN_ABOUT_RETURN_TYPE = YES_ERROR;
				GCC_WARN_UNDECLARED_SELECTOR = YES;
				GCC_WARN_UNINITIALIZED_AUTOS = YES_AGGRESSIVE;
				GCC_WARN_UNUSED_FUNCTION = YES;
				GCC_WARN_UNUSED_VARIABLE = YES;
				IPHONEOS_DEPLOYMENT_TARGET = 10.2;
				MTL_ENABLE_DEBUG_INFO = NO;
				SDKROOT = iphoneos;
				SWIFT_OPTIMIZATION_LEVEL = "-Owholemodule";
				TARGETED_DEVICE_FAMILY = "1,2";
				VALIDATE_PRODUCT = YES;
			};
			name = Release;
		};
		3BBECE791E214E6B004355F8 /* Debug */ = {
			isa = XCBuildConfiguration;
			baseConfigurationReference = 1E221F0C8F49F6428BDF6FD8 /* Pods-WIT.debug.xcconfig */;
			buildSettings = {
				ALWAYS_EMBED_SWIFT_STANDARD_LIBRARIES = YES;
				ASSETCATALOG_COMPILER_APPICON_NAME = AppIcon;
				DEVELOPMENT_TEAM = 9XBSPE6LZ2;
				FRAMEWORK_SEARCH_PATHS = (
					"$(inherited)",
					"\"$PODS_CONFIGURATION_BUILD_DIR/GTMSessionFetcher\"",
					"\"$PODS_CONFIGURATION_BUILD_DIR/GoogleToolboxForMac\"",
					"\"${PODS_ROOT}/FirebaseAnalytics/Frameworks/frameworks\"",
					"\"${PODS_ROOT}/FirebaseAuth/Frameworks/frameworks\"",
					"\"${PODS_ROOT}/FirebaseCore/Frameworks/frameworks\"",
					"\"${PODS_ROOT}/FirebaseDatabase/Frameworks\"",
					"\"${PODS_ROOT}/FirebaseInstanceID/Frameworks/frameworks\"",
					"\"${PODS_ROOT}/FirebaseStorage/Frameworks/frameworks\"",
					"\"${PODS_ROOT}/GoogleInterchangeUtilities/Frameworks/frameworks\"",
					"\"${PODS_ROOT}/GoogleSymbolUtilities/Frameworks/frameworks\"",
				);
				INFOPLIST_FILE = WIT/Info.plist;
				IPHONEOS_DEPLOYMENT_TARGET = 10.0;
				LD_RUNPATH_SEARCH_PATHS = "$(inherited) @executable_path/Frameworks";
				PRODUCT_BUNDLE_IDENTIFIER = Project.WIT;
				PRODUCT_NAME = "$(TARGET_NAME)";
				SWIFT_OBJC_BRIDGING_HEADER = "WIT/WIT-Bridiging-Header.h";
				SWIFT_VERSION = 3.0;
			};
			name = Debug;
		};
		3BBECE7A1E214E6B004355F8 /* Release */ = {
			isa = XCBuildConfiguration;
			baseConfigurationReference = 408AB18EBB1C5938A7059299 /* Pods-WIT.release.xcconfig */;
			buildSettings = {
				ALWAYS_EMBED_SWIFT_STANDARD_LIBRARIES = YES;
				ASSETCATALOG_COMPILER_APPICON_NAME = AppIcon;
				DEVELOPMENT_TEAM = 9XBSPE6LZ2;
				FRAMEWORK_SEARCH_PATHS = (
					"$(inherited)",
					"\"$PODS_CONFIGURATION_BUILD_DIR/GTMSessionFetcher\"",
					"\"$PODS_CONFIGURATION_BUILD_DIR/GoogleToolboxForMac\"",
					"\"${PODS_ROOT}/FirebaseAnalytics/Frameworks/frameworks\"",
					"\"${PODS_ROOT}/FirebaseAuth/Frameworks/frameworks\"",
					"\"${PODS_ROOT}/FirebaseCore/Frameworks/frameworks\"",
					"\"${PODS_ROOT}/FirebaseDatabase/Frameworks\"",
					"\"${PODS_ROOT}/FirebaseInstanceID/Frameworks/frameworks\"",
					"\"${PODS_ROOT}/FirebaseStorage/Frameworks/frameworks\"",
					"\"${PODS_ROOT}/GoogleInterchangeUtilities/Frameworks/frameworks\"",
					"\"${PODS_ROOT}/GoogleSymbolUtilities/Frameworks/frameworks\"",
				);
				INFOPLIST_FILE = WIT/Info.plist;
				IPHONEOS_DEPLOYMENT_TARGET = 10.0;
				LD_RUNPATH_SEARCH_PATHS = "$(inherited) @executable_path/Frameworks";
				PRODUCT_BUNDLE_IDENTIFIER = Project.WIT;
				PRODUCT_NAME = "$(TARGET_NAME)";
				SWIFT_OBJC_BRIDGING_HEADER = "WIT/WIT-Bridiging-Header.h";
				SWIFT_VERSION = 3.0;
			};
			name = Release;
		};
		3BBECE7C1E214E6B004355F8 /* Debug */ = {
			isa = XCBuildConfiguration;
			baseConfigurationReference = F4F36D62F880B210462A754F /* Pods-WITTests.debug.xcconfig */;
			buildSettings = {
				ALWAYS_EMBED_SWIFT_STANDARD_LIBRARIES = YES;
				BUNDLE_LOADER = "$(TEST_HOST)";
				FRAMEWORK_SEARCH_PATHS = "";
				INFOPLIST_FILE = WITTests/Info.plist;
				IPHONEOS_DEPLOYMENT_TARGET = 10.0;
				LD_RUNPATH_SEARCH_PATHS = "$(inherited) @executable_path/Frameworks @loader_path/Frameworks";
				PRODUCT_BUNDLE_IDENTIFIER = Project.WITTests;
				PRODUCT_NAME = "$(TARGET_NAME)";
				SWIFT_VERSION = 3.0;
				TEST_HOST = "$(BUILT_PRODUCTS_DIR)/WIT.app/WIT";
			};
			name = Debug;
		};
		3BBECE7D1E214E6B004355F8 /* Release */ = {
			isa = XCBuildConfiguration;
			baseConfigurationReference = A0F761310D3A6135FFC6A0E4 /* Pods-WITTests.release.xcconfig */;
			buildSettings = {
				ALWAYS_EMBED_SWIFT_STANDARD_LIBRARIES = YES;
				BUNDLE_LOADER = "$(TEST_HOST)";
				FRAMEWORK_SEARCH_PATHS = "";
				INFOPLIST_FILE = WITTests/Info.plist;
				IPHONEOS_DEPLOYMENT_TARGET = 10.0;
				LD_RUNPATH_SEARCH_PATHS = "$(inherited) @executable_path/Frameworks @loader_path/Frameworks";
				PRODUCT_BUNDLE_IDENTIFIER = Project.WITTests;
				PRODUCT_NAME = "$(TARGET_NAME)";
				SWIFT_VERSION = 3.0;
				TEST_HOST = "$(BUILT_PRODUCTS_DIR)/WIT.app/WIT";
			};
			name = Release;
		};
		3BBECE7F1E214E6B004355F8 /* Debug */ = {
			isa = XCBuildConfiguration;
			baseConfigurationReference = C5960F4A3B12AB9262C070A6 /* Pods-WITUITests.debug.xcconfig */;
			buildSettings = {
				ALWAYS_EMBED_SWIFT_STANDARD_LIBRARIES = YES;
				FRAMEWORK_SEARCH_PATHS = "$(inherited)";
				INFOPLIST_FILE = WITUITests/Info.plist;
				IPHONEOS_DEPLOYMENT_TARGET = 10.0;
				LD_RUNPATH_SEARCH_PATHS = "$(inherited) @executable_path/Frameworks @loader_path/Frameworks";
				PRODUCT_BUNDLE_IDENTIFIER = Project.WITUITests;
				PRODUCT_NAME = "$(TARGET_NAME)";
				SWIFT_VERSION = 3.0;
				TEST_TARGET_NAME = WIT;
			};
			name = Debug;
		};
		3BBECE801E214E6B004355F8 /* Release */ = {
			isa = XCBuildConfiguration;
			baseConfigurationReference = DA1E6CFBD22686495C59FD06 /* Pods-WITUITests.release.xcconfig */;
			buildSettings = {
				ALWAYS_EMBED_SWIFT_STANDARD_LIBRARIES = YES;
				FRAMEWORK_SEARCH_PATHS = "$(inherited)";
				INFOPLIST_FILE = WITUITests/Info.plist;
				IPHONEOS_DEPLOYMENT_TARGET = 10.0;
				LD_RUNPATH_SEARCH_PATHS = "$(inherited) @executable_path/Frameworks @loader_path/Frameworks";
				PRODUCT_BUNDLE_IDENTIFIER = Project.WITUITests;
				PRODUCT_NAME = "$(TARGET_NAME)";
				SWIFT_VERSION = 3.0;
				TEST_TARGET_NAME = WIT;
			};
			name = Release;
		};
/* End XCBuildConfiguration section */

/* Begin XCConfigurationList section */
		3BBECE4B1E214E6A004355F8 /* Build configuration list for PBXProject "WIT" */ = {
			isa = XCConfigurationList;
			buildConfigurations = (
				3BBECE761E214E6B004355F8 /* Debug */,
				3BBECE771E214E6B004355F8 /* Release */,
			);
			defaultConfigurationIsVisible = 0;
			defaultConfigurationName = Release;
		};
		3BBECE781E214E6B004355F8 /* Build configuration list for PBXNativeTarget "WIT" */ = {
			isa = XCConfigurationList;
			buildConfigurations = (
				3BBECE791E214E6B004355F8 /* Debug */,
				3BBECE7A1E214E6B004355F8 /* Release */,
			);
			defaultConfigurationIsVisible = 0;
			defaultConfigurationName = Release;
		};
		3BBECE7B1E214E6B004355F8 /* Build configuration list for PBXNativeTarget "WITTests" */ = {
			isa = XCConfigurationList;
			buildConfigurations = (
				3BBECE7C1E214E6B004355F8 /* Debug */,
				3BBECE7D1E214E6B004355F8 /* Release */,
			);
			defaultConfigurationIsVisible = 0;
			defaultConfigurationName = Release;
		};
		3BBECE7E1E214E6B004355F8 /* Build configuration list for PBXNativeTarget "WITUITests" */ = {
			isa = XCConfigurationList;
			buildConfigurations = (
				3BBECE7F1E214E6B004355F8 /* Debug */,
				3BBECE801E214E6B004355F8 /* Release */,
			);
			defaultConfigurationIsVisible = 0;
			defaultConfigurationName = Release;
		};
/* End XCConfigurationList section */
	};
	rootObject = 3BBECE481E214E6A004355F8 /* Project object */;
}
